
Microsoft Visual Studio Solution File, Format Version 12.00
# Visual Studio 15
VisualStudioVersion = 15.0.26124.0
MinimumVisualStudioVersion = 15.0.26124.0
Project("{FAE04EC0-301F-11D3-BF4B-00C04F79EFBC}") = "Azure.CI.CD.Demo.API", "Azure.CI.CD.Demo.API\Azure.CI.CD.Demo.API.csproj", "{DA4D2B19-D0E2-4C8C-BD87-7A447D6B92E3}"
EndProject
Project("{FAE04EC0-301F-11D3-BF4B-00C04F79EFBC}") = "Azure.CI.CD.Demo.API.Tests", "Azure.CI.CD.Demo.API.Tests\Azure.CI.CD.Demo.API.Tests.csproj", "{2ED756EC-9D26-4E96-A65C-FA7E688394CE}"
EndProject
Global
	GlobalSection(SolutionConfigurationPlatforms) = preSolution
		Debug|Any CPU = Debug|Any CPU
		Debug|x64 = Debug|x64
		Debug|x86 = Debug|x86
		Release|Any CPU = Release|Any CPU
		Release|x64 = Release|x64
		Release|x86 = Release|x86
	EndGlobalSection
	GlobalSection(SolutionProperties) = preSolution
		HideSolutionNode = FALSE
	EndGlobalSection
	GlobalSection(ProjectConfigurationPlatforms) = postSolution
		{DA4D2B19-D0E2-4C8C-BD87-7A447D6B92E3}.Debug|Any CPU.ActiveCfg = Debug|Any CPU
		{DA4D2B19-D0E2-4C8C-BD87-7A447D6B92E3}.Debug|Any CPU.Build.0 = Debug|Any CPU
		{DA4D2B19-D0E2-4C8C-BD87-7A447D6B92E3}.Debug|x64.ActiveCfg = Debug|Any CPU
		{DA4D2B19-D0E2-4C8C-BD87-7A447D6B92E3}.Debug|x64.Build.0 = Debug|Any CPU
		{DA4D2B19-D0E2-4C8C-BD87-7A447D6B92E3}.Debug|x86.ActiveCfg = Debug|Any CPU
		{DA4D2B19-D0E2-4C8C-BD87-7A447D6B92E3}.Debug|x86.Build.0 = Debug|Any CPU
		{DA4D2B19-D0E2-4C8C-BD87-7A447D6B92E3}.Release|Any CPU.ActiveCfg = Release|Any CPU
		{DA4D2B19-D0E2-4C8C-BD87-7A447D6B92E3}.Release|Any CPU.Build.0 = Release|Any CPU
		{DA4D2B19-D0E2-4C8C-BD87-7A447D6B92E3}.Release|x64.ActiveCfg = Release|Any CPU
		{DA4D2B19-D0E2-4C8C-BD87-7A447D6B92E3}.Release|x64.Build.0 = Release|Any CPU
		{DA4D2B19-D0E2-4C8C-BD87-7A447D6B92E3}.Release|x86.ActiveCfg = Release|Any CPU
		{DA4D2B19-D0E2-4C8C-BD87-7A447D6B92E3}.Release|x86.Build.0 = Release|Any CPU
		{2ED756EC-9D26-4E96-A65C-FA7E688394CE}.Debug|Any CPU.ActiveCfg = Debug|Any CPU
		{2ED756EC-9D26-4E96-A65C-FA7E688394CE}.Debug|Any CPU.Build.0 = Debug|Any CPU
		{2ED756EC-9D26-4E96-A65C-FA7E688394CE}.Debug|x64.ActiveCfg = Debug|Any CPU
		{2ED756EC-9D26-4E96-A65C-FA7E688394CE}.Debug|x64.Build.0 = Debug|Any CPU
		{2ED756EC-9D26-4E96-A65C-FA7E688394CE}.Debug|x86.ActiveCfg = Debug|Any CPU
		{2ED756EC-9D26-4E96-A65C-FA7E688394CE}.Debug|x86.Build.0 = Debug|Any CPU
		{2ED756EC-9D26-4E96-A65C-FA7E688394CE}.Release|Any CPU.ActiveCfg = Release|Any CPU
		{2ED756EC-9D26-4E96-A65C-FA7E688394CE}.Release|Any CPU.Build.0 = Release|Any CPU
		{2ED756EC-9D26-4E96-A65C-FA7E688394CE}.Release|x64.ActiveCfg = Release|Any CPU
		{2ED756EC-9D26-4E96-A65C-FA7E688394CE}.Release|x64.Build.0 = Release|Any CPU
		{2ED756EC-9D26-4E96-A65C-FA7E688394CE}.Release|x86.ActiveCfg = Release|Any CPU
		{2ED756EC-9D26-4E96-A65C-FA7E688394CE}.Release|x86.Build.0 = Release|Any CPU
	EndGlobalSection
EndGlobal
